
Microsoft Visual Studio Solution File, Format Version 12.00
# Visual Studio Version 17
VisualStudioVersion = 17.4.32804.182
MinimumVisualStudioVersion = 10.0.40219.1
Project("{FAE04EC0-301F-11D3-BF4B-00C04F79EFBC}") = "ppedv.Garage.Model", "ppedv.Garage.Model\ppedv.Garage.Model.csproj", "{9501DA25-4613-416C-8513-D4F252EDF0DE}"
EndProject
Project("{FAE04EC0-301F-11D3-BF4B-00C04F79EFBC}") = "ppedv.Garage.Data.EfCore", "ppedv.Garage.Data.EfCore\ppedv.Garage.Data.EfCore.csproj", "{442093D0-D794-4449-AFAB-11E097D698DF}"
EndProject
Project("{FAE04EC0-301F-11D3-BF4B-00C04F79EFBC}") = "ppedv.Garage.Data.EfCore.Tests", "ppedv.Garage.Data.EfCore.Tests\ppedv.Garage.Data.EfCore.Tests.csproj", "{C1216EDE-6E9B-4409-BCB1-D69800CE9F17}"
EndProject
Project("{FAE04EC0-301F-11D3-BF4B-00C04F79EFBC}") = "ppedv.Garage.Logic.CarServices", "ppedv.Garage.Logic.CarServices\ppedv.Garage.Logic.CarServices.csproj", "{46F6EE89-0100-43E5-8424-53168FB731AF}"
EndProject
Global
	GlobalSection(SolutionConfigurationPlatforms) = preSolution
		Debug|Any CPU = Debug|Any CPU
		Release|Any CPU = Release|Any CPU
	EndGlobalSection
	GlobalSection(ProjectConfigurationPlatforms) = postSolution
		{9501DA25-4613-416C-8513-D4F252EDF0DE}.Debug|Any CPU.ActiveCfg = Debug|Any CPU
		{9501DA25-4613-416C-8513-D4F252EDF0DE}.Debug|Any CPU.Build.0 = Debug|Any CPU
		{9501DA25-4613-416C-8513-D4F252EDF0DE}.Release|Any CPU.ActiveCfg = Release|Any CPU
		{9501DA25-4613-416C-8513-D4F252EDF0DE}.Release|Any CPU.Build.0 = Release|Any CPU
		{442093D0-D794-4449-AFAB-11E097D698DF}.Debug|Any CPU.ActiveCfg = Debug|Any CPU
		{442093D0-D794-4449-AFAB-11E097D698DF}.Debug|Any CPU.Build.0 = Debug|Any CPU
		{442093D0-D794-4449-AFAB-11E097D698DF}.Release|Any CPU.ActiveCfg = Release|Any CPU
		{442093D0-D794-4449-AFAB-11E097D698DF}.Release|Any CPU.Build.0 = Release|Any CPU
		{C1216EDE-6E9B-4409-BCB1-D69800CE9F17}.Debug|Any CPU.ActiveCfg = Debug|Any CPU
		{C1216EDE-6E9B-4409-BCB1-D69800CE9F17}.Debug|Any CPU.Build.0 = Debug|Any CPU
		{C1216EDE-6E9B-4409-BCB1-D69800CE9F17}.Release|Any CPU.ActiveCfg = Release|Any CPU
		{C1216EDE-6E9B-4409-BCB1-D69800CE9F17}.Release|Any CPU.Build.0 = Release|Any CPU
		{46F6EE89-0100-43E5-8424-53168FB731AF}.Debug|Any CPU.ActiveCfg = Debug|Any CPU
		{46F6EE89-0100-43E5-8424-53168FB731AF}.Debug|Any CPU.Build.0 = Debug|Any CPU
		{46F6EE89-0100-43E5-8424-53168FB731AF}.Release|Any CPU.ActiveCfg = Release|Any CPU
		{46F6EE89-0100-43E5-8424-53168FB731AF}.Release|Any CPU.Build.0 = Release|Any CPU
	EndGlobalSection
	GlobalSection(SolutionProperties) = preSolution
		HideSolutionNode = FALSE
	EndGlobalSection
	GlobalSection(ExtensibilityGlobals) = postSolution
		SolutionGuid = {BDFC4D74-063B-4BCA-9980-A0C56F16F269}
	EndGlobalSection
EndGlobal
