
Microsoft Visual Studio Solution File, Format Version 12.00
# Visual Studio Version 17
VisualStudioVersion = 17.4.32804.182
MinimumVisualStudioVersion = 10.0.40219.1
Project("{FAE04EC0-301F-11D3-BF4B-00C04F79EFBC}") = "HalloFactory", "HalloFactory\HalloFactory.csproj", "{3F8D835C-EE90-494E-A6B0-EF2B9B3EEEF9}"
EndProject
Global
	GlobalSection(SolutionConfigurationPlatforms) = preSolution
		Debug|Any CPU = Debug|Any CPU
		Release|Any CPU = Release|Any CPU
	EndGlobalSection
	GlobalSection(ProjectConfigurationPlatforms) = postSolution
		{3F8D835C-EE90-494E-A6B0-EF2B9B3EEEF9}.Debug|Any CPU.ActiveCfg = Debug|Any CPU
		{3F8D835C-EE90-494E-A6B0-EF2B9B3EEEF9}.Debug|Any CPU.Build.0 = Debug|Any CPU
		{3F8D835C-EE90-494E-A6B0-EF2B9B3EEEF9}.Release|Any CPU.ActiveCfg = Release|Any CPU
		{3F8D835C-EE90-494E-A6B0-EF2B9B3EEEF9}.Release|Any CPU.Build.0 = Release|Any CPU
	EndGlobalSection
	GlobalSection(SolutionProperties) = preSolution
		HideSolutionNode = FALSE
	EndGlobalSection
	GlobalSection(ExtensibilityGlobals) = postSolution
		SolutionGuid = {DD398AC0-9AFF-409E-8CF6-C8F300859911}
	EndGlobalSection
EndGlobal
